
Microsoft Visual Studio Solution File, Format Version 12.00
# Visual Studio Version 17
VisualStudioVersion = 17.4.33110.190
MinimumVisualStudioVersion = 10.0.40219.1
Project("{FAE04EC0-301F-11D3-BF4B-00C04F79EFBC}") = "MobileApp.Android", "MobileApp.Android\MobileApp.Android.csproj", "{FBE5156E-3DB4-4BBF-952D-C3E109F75E38}"
EndProject
Project("{FAE04EC0-301F-11D3-BF4B-00C04F79EFBC}") = "MobileApp", "MobileApp\MobileApp.csproj", "{1F7C58B8-4B28-4D1E-B963-26F9ADF779DD}"
EndProject
Project("{2150E333-8FDC-42A3-9474-1A3956D46DE8}") = "Solution Items", "Solution Items", "{E9995E81-396C-476A-BE3D-1E85F0F3FECE}"
	ProjectSection(SolutionItems) = preProject
		.editorconfig = .editorconfig
	EndProjectSection
EndProject
Global
	GlobalSection(SolutionConfigurationPlatforms) = preSolution
		Debug|Any CPU = Debug|Any CPU
		Release|Any CPU = Release|Any CPU
	EndGlobalSection
	GlobalSection(ProjectConfigurationPlatforms) = postSolution
		{FBE5156E-3DB4-4BBF-952D-C3E109F75E38}.Debug|Any CPU.ActiveCfg = Debug|Any CPU
		{FBE5156E-3DB4-4BBF-952D-C3E109F75E38}.Debug|Any CPU.Build.0 = Debug|Any CPU
		{FBE5156E-3DB4-4BBF-952D-C3E109F75E38}.Debug|Any CPU.Deploy.0 = Debug|Any CPU
		{FBE5156E-3DB4-4BBF-952D-C3E109F75E38}.Release|Any CPU.ActiveCfg = Release|Any CPU
		{FBE5156E-3DB4-4BBF-952D-C3E109F75E38}.Release|Any CPU.Build.0 = Release|Any CPU
		{FBE5156E-3DB4-4BBF-952D-C3E109F75E38}.Release|Any CPU.Deploy.0 = Release|Any CPU
		{1F7C58B8-4B28-4D1E-B963-26F9ADF779DD}.Debug|Any CPU.ActiveCfg = Debug|Any CPU
		{1F7C58B8-4B28-4D1E-B963-26F9ADF779DD}.Debug|Any CPU.Build.0 = Debug|Any CPU
		{1F7C58B8-4B28-4D1E-B963-26F9ADF779DD}.Debug|Any CPU.Deploy.0 = Debug|Any CPU
		{1F7C58B8-4B28-4D1E-B963-26F9ADF779DD}.Release|Any CPU.ActiveCfg = Release|Any CPU
		{1F7C58B8-4B28-4D1E-B963-26F9ADF779DD}.Release|Any CPU.Build.0 = Release|Any CPU
		{1F7C58B8-4B28-4D1E-B963-26F9ADF779DD}.Release|Any CPU.Deploy.0 = Release|Any CPU
	EndGlobalSection
	GlobalSection(SolutionProperties) = preSolution
		HideSolutionNode = FALSE
	EndGlobalSection
	GlobalSection(ExtensibilityGlobals) = postSolution
		SolutionGuid = {27C7A18C-ACD1-49F1-8A3A-4F558805EA22}
	EndGlobalSection
EndGlobal
